
Microsoft Visual Studio Solution File, Format Version 12.00
Project("{FAE04EC0-301F-11D3-BF4B-00C04F79EFBC}") = "HustlersAB.Admin", "HustlersAB.Admin\HustlersAB.Admin.csproj", "{B5BB7CFB-6525-4EE2-B9B0-35D2243F7538}"
EndProject
Project("{2150E333-8FDC-42A3-9474-1A3956D46DE8}") = "1. Domain", "1. Domain", "{61FDBAC2-1513-4A3F-A7F5-537F46DBCE7C}"
EndProject
Project("{2150E333-8FDC-42A3-9474-1A3956D46DE8}") = "2. Application", "2. Application", "{452D0F3D-D109-429F-9792-3F5174D11319}"
EndProject
Project("{2150E333-8FDC-42A3-9474-1A3956D46DE8}") = "3. Infrastructure", "3. Infrastructure", "{E065EF27-2C88-4CBB-87E8-0CC902D8E449}"
EndProject
Project("{2150E333-8FDC-42A3-9474-1A3956D46DE8}") = "4. Presentation", "4. Presentation", "{9316024D-C0DE-470D-A52B-58BFCE11A64E}"
EndProject
Project("{FAE04EC0-301F-11D3-BF4B-00C04F79EFBC}") = "Entities", "Entities\Entities.csproj", "{068BCC47-E14C-4021-8253-0255FA4F5494}"
EndProject
Project("{FAE04EC0-301F-11D3-BF4B-00C04F79EFBC}") = "Services", "Services\Services.csproj", "{B310F40A-A1C7-4A3D-B44D-504C819FE07D}"
EndProject
Project("{FAE04EC0-301F-11D3-BF4B-00C04F79EFBC}") = "EF_MSSQL", "EF_MSSQL\EF_MSSQL.csproj", "{093F4C6C-3481-4092-936B-22D4972D8424}"
EndProject
Project("{FAE04EC0-301F-11D3-BF4B-00C04F79EFBC}") = "HustlersAB.Client", "HustlersAB.Client\HustlersAB.Client.csproj", "{74411E06-A24B-47C3-B7B0-62FBDDD271FE}"
EndProject
Project("{FAE04EC0-301F-11D3-BF4B-00C04F79EFBC}") = "HustlersAB.EntryPoint", "HustlersAB.EntryPoint\HustlersAB.EntryPoint.csproj", "{EFC08EEF-DEDF-41C9-A60E-1CBB685F94D4}"
EndProject
Project("{FAE04EC0-301F-11D3-BF4B-00C04F79EFBC}") = "HustlersAB.Shared", "HustlersAB.Shared\HustlersAB.Shared.csproj", "{43C7E0C9-FC16-4932-9635-3611FCAE3BF6}"
EndProject
Global
	GlobalSection(SolutionConfigurationPlatforms) = preSolution
		Debug|Any CPU = Debug|Any CPU
		Release|Any CPU = Release|Any CPU
	EndGlobalSection
	GlobalSection(ProjectConfigurationPlatforms) = postSolution
		{B5BB7CFB-6525-4EE2-B9B0-35D2243F7538}.Debug|Any CPU.ActiveCfg = Debug|Any CPU
		{B5BB7CFB-6525-4EE2-B9B0-35D2243F7538}.Debug|Any CPU.Build.0 = Debug|Any CPU
		{B5BB7CFB-6525-4EE2-B9B0-35D2243F7538}.Release|Any CPU.ActiveCfg = Release|Any CPU
		{B5BB7CFB-6525-4EE2-B9B0-35D2243F7538}.Release|Any CPU.Build.0 = Release|Any CPU
		{068BCC47-E14C-4021-8253-0255FA4F5494}.Debug|Any CPU.ActiveCfg = Debug|Any CPU
		{068BCC47-E14C-4021-8253-0255FA4F5494}.Debug|Any CPU.Build.0 = Debug|Any CPU
		{068BCC47-E14C-4021-8253-0255FA4F5494}.Release|Any CPU.ActiveCfg = Release|Any CPU
		{068BCC47-E14C-4021-8253-0255FA4F5494}.Release|Any CPU.Build.0 = Release|Any CPU
		{B310F40A-A1C7-4A3D-B44D-504C819FE07D}.Debug|Any CPU.ActiveCfg = Debug|Any CPU
		{B310F40A-A1C7-4A3D-B44D-504C819FE07D}.Debug|Any CPU.Build.0 = Debug|Any CPU
		{B310F40A-A1C7-4A3D-B44D-504C819FE07D}.Release|Any CPU.ActiveCfg = Release|Any CPU
		{B310F40A-A1C7-4A3D-B44D-504C819FE07D}.Release|Any CPU.Build.0 = Release|Any CPU
		{093F4C6C-3481-4092-936B-22D4972D8424}.Debug|Any CPU.ActiveCfg = Debug|Any CPU
		{093F4C6C-3481-4092-936B-22D4972D8424}.Debug|Any CPU.Build.0 = Debug|Any CPU
		{093F4C6C-3481-4092-936B-22D4972D8424}.Release|Any CPU.ActiveCfg = Release|Any CPU
		{093F4C6C-3481-4092-936B-22D4972D8424}.Release|Any CPU.Build.0 = Release|Any CPU
		{74411E06-A24B-47C3-B7B0-62FBDDD271FE}.Debug|Any CPU.ActiveCfg = Debug|Any CPU
		{74411E06-A24B-47C3-B7B0-62FBDDD271FE}.Debug|Any CPU.Build.0 = Debug|Any CPU
		{74411E06-A24B-47C3-B7B0-62FBDDD271FE}.Release|Any CPU.ActiveCfg = Release|Any CPU
		{74411E06-A24B-47C3-B7B0-62FBDDD271FE}.Release|Any CPU.Build.0 = Release|Any CPU
		{EFC08EEF-DEDF-41C9-A60E-1CBB685F94D4}.Debug|Any CPU.ActiveCfg = Debug|Any CPU
		{EFC08EEF-DEDF-41C9-A60E-1CBB685F94D4}.Debug|Any CPU.Build.0 = Debug|Any CPU
		{EFC08EEF-DEDF-41C9-A60E-1CBB685F94D4}.Release|Any CPU.ActiveCfg = Release|Any CPU
		{EFC08EEF-DEDF-41C9-A60E-1CBB685F94D4}.Release|Any CPU.Build.0 = Release|Any CPU
		{43C7E0C9-FC16-4932-9635-3611FCAE3BF6}.Debug|Any CPU.ActiveCfg = Debug|Any CPU
		{43C7E0C9-FC16-4932-9635-3611FCAE3BF6}.Debug|Any CPU.Build.0 = Debug|Any CPU
		{43C7E0C9-FC16-4932-9635-3611FCAE3BF6}.Release|Any CPU.ActiveCfg = Release|Any CPU
		{43C7E0C9-FC16-4932-9635-3611FCAE3BF6}.Release|Any CPU.Build.0 = Release|Any CPU
	EndGlobalSection
	GlobalSection(NestedProjects) = preSolution
		{B5BB7CFB-6525-4EE2-B9B0-35D2243F7538} = {9316024D-C0DE-470D-A52B-58BFCE11A64E}
		{068BCC47-E14C-4021-8253-0255FA4F5494} = {61FDBAC2-1513-4A3F-A7F5-537F46DBCE7C}
		{B310F40A-A1C7-4A3D-B44D-504C819FE07D} = {452D0F3D-D109-429F-9792-3F5174D11319}
		{093F4C6C-3481-4092-936B-22D4972D8424} = {E065EF27-2C88-4CBB-87E8-0CC902D8E449}
		{74411E06-A24B-47C3-B7B0-62FBDDD271FE} = {9316024D-C0DE-470D-A52B-58BFCE11A64E}
		{43C7E0C9-FC16-4932-9635-3611FCAE3BF6} = {9316024D-C0DE-470D-A52B-58BFCE11A64E}
	EndGlobalSection
EndGlobal
